
Microsoft Visual Studio Solution File, Format Version 12.00
# Visual Studio Version 16
VisualStudioVersion = 16.0.31515.178
MinimumVisualStudioVersion = 10.0.40219.1
Project("{FAE04EC0-301F-11D3-BF4B-00C04F79EFBC}") = "SpeakingPets", "SpeakingPets\SpeakingPets.csproj", "{63054E6F-D1FE-4DAB-BA6F-14E47C657B08}"
EndProject
Global
	GlobalSection(SolutionConfigurationPlatforms) = preSolution
		Debug|Any CPU = Debug|Any CPU
		Release|Any CPU = Release|Any CPU
	EndGlobalSection
	GlobalSection(ProjectConfigurationPlatforms) = postSolution
		{63054E6F-D1FE-4DAB-BA6F-14E47C657B08}.Debug|Any CPU.ActiveCfg = Debug|Any CPU
		{63054E6F-D1FE-4DAB-BA6F-14E47C657B08}.Debug|Any CPU.Build.0 = Debug|Any CPU
		{63054E6F-D1FE-4DAB-BA6F-14E47C657B08}.Release|Any CPU.ActiveCfg = Release|Any CPU
		{63054E6F-D1FE-4DAB-BA6F-14E47C657B08}.Release|Any CPU.Build.0 = Release|Any CPU
	EndGlobalSection
	GlobalSection(SolutionProperties) = preSolution
		HideSolutionNode = FALSE
	EndGlobalSection
	GlobalSection(ExtensibilityGlobals) = postSolution
		SolutionGuid = {293052B1-045F-4AE2-B244-0B8895C36FDC}
	EndGlobalSection
EndGlobal
